
Microsoft Visual Studio Solution File, Format Version 12.00
# Visual Studio 15
VisualStudioVersion = 15.0.28307.329
MinimumVisualStudioVersion = 10.0.40219.1
Project("{FAE04EC0-301F-11D3-BF4B-00C04F79EFBC}") = "EntityRelations", "EntityRelations\EntityRelations.csproj", "{908F6C3E-15A6-4063-84F0-B0E53C446841}"
EndProject
Global
	GlobalSection(SolutionConfigurationPlatforms) = preSolution
		Debug|Any CPU = Debug|Any CPU
		Release|Any CPU = Release|Any CPU
	EndGlobalSection
	GlobalSection(ProjectConfigurationPlatforms) = postSolution
		{908F6C3E-15A6-4063-84F0-B0E53C446841}.Debug|Any CPU.ActiveCfg = Debug|Any CPU
		{908F6C3E-15A6-4063-84F0-B0E53C446841}.Debug|Any CPU.Build.0 = Debug|Any CPU
		{908F6C3E-15A6-4063-84F0-B0E53C446841}.Release|Any CPU.ActiveCfg = Release|Any CPU
		{908F6C3E-15A6-4063-84F0-B0E53C446841}.Release|Any CPU.Build.0 = Release|Any CPU
	EndGlobalSection
	GlobalSection(SolutionProperties) = preSolution
		HideSolutionNode = FALSE
	EndGlobalSection
	GlobalSection(ExtensibilityGlobals) = postSolution
		SolutionGuid = {6A9AF0FB-C25E-428B-9BC2-8686AF0C0BEA}
	EndGlobalSection
EndGlobal
